
Microsoft Visual Studio Solution File, Format Version 12.00
# Visual Studio 15
VisualStudioVersion = 15.0.27130.2036
MinimumVisualStudioVersion = 10.0.40219.1
Project("{FAE04EC0-301F-11D3-BF4B-00C04F79EFBC}") = "ForCreateTemplate", "ForCreateTemplate\ForCreateTemplate.csproj", "{35542105-6682-4567-A12A-8F7477FAD98A}"
EndProject
Global
	GlobalSection(SolutionConfigurationPlatforms) = preSolution
		Debug|Any CPU = Debug|Any CPU
		Release|Any CPU = Release|Any CPU
	EndGlobalSection
	GlobalSection(ProjectConfigurationPlatforms) = postSolution
		{35542105-6682-4567-A12A-8F7477FAD98A}.Debug|Any CPU.ActiveCfg = Debug|Any CPU
		{35542105-6682-4567-A12A-8F7477FAD98A}.Debug|Any CPU.Build.0 = Debug|Any CPU
		{35542105-6682-4567-A12A-8F7477FAD98A}.Release|Any CPU.ActiveCfg = Release|Any CPU
		{35542105-6682-4567-A12A-8F7477FAD98A}.Release|Any CPU.Build.0 = Release|Any CPU
	EndGlobalSection
	GlobalSection(SolutionProperties) = preSolution
		HideSolutionNode = FALSE
	EndGlobalSection
	GlobalSection(ExtensibilityGlobals) = postSolution
		SolutionGuid = {00328600-989C-4BDD-99DC-FE9DD75F5293}
	EndGlobalSection
EndGlobal
